// !$*UTF8*$!
{ archiveVersion = 1; classes = {}; objectVersion = 56; objects = {
9A2FAB0F896DEB0043107F92 = { isa = PBXFileReference; lastKnownFileType = "sourcecode.swift"; path = "FoldAndFetch/App/CorgiCrossroadsApp.swift"; sourceTree = "<group>"; };
A6BF591C393FF5B894A968E2 = { isa = PBXBuildFile; fileRef = 9A2FAB0F896DEB0043107F92; };
67DDB41A06ED43F505CCB6DA = { isa = PBXFileReference; lastKnownFileType = "sourcecode.swift"; path = "FoldAndFetch/Contracts/GameTypes.swift"; sourceTree = "<group>"; };
BE2AFCD3C8B4185A910FAAF9 = { isa = PBXBuildFile; fileRef = 67DDB41A06ED43F505CCB6DA; };
BB6679BCDF9ACE1B33FA32A6 = { isa = PBXFileReference; lastKnownFileType = "sourcecode.swift"; path = "FoldAndFetch/Gameplay/GameWorld.swift"; sourceTree = "<group>"; };
EEC83B644DBE804CDC56B5A1 = { isa = PBXBuildFile; fileRef = BB6679BCDF9ACE1B33FA32A6; };
76878C7850E4EAE036B74530 = { isa = PBXFileReference; lastKnownFileType = "sourcecode.swift"; path = "FoldAndFetch/Integration/GameSession.swift"; sourceTree = "<group>"; };
77C6CE3311F38C7E79B06E38 = { isa = PBXBuildFile; fileRef = 76878C7850E4EAE036B74530; };
067F66AACF1ED32C14CBBC69 = { isa = PBXFileReference; lastKnownFileType = "sourcecode.swift"; path = "FoldAndFetch/Presentation/GameHUD.swift"; sourceTree = "<group>"; };
EAA5AC627DB9E76AF4D5969E = { isa = PBXBuildFile; fileRef = 067F66AACF1ED32C14CBBC69; };
4E1DA9FF4C6383493A2E1242 = { isa = PBXFileReference; lastKnownFileType = "sourcecode.swift"; path = "FoldAndFetch/Presentation/GamePresentation.swift"; sourceTree = "<group>"; };
5379F3C1DF640440B9B4CF41 = { isa = PBXBuildFile; fileRef = 4E1DA9FF4C6383493A2E1242; };
8AE74ECAB6350EEC24B0D240 = { isa = PBXFileReference; lastKnownFileType = "sourcecode.swift"; path = "FoldAndFetch/Rendering/GameSurface.swift"; sourceTree = "<group>"; };
B3B20A2B05F112FACFF3987A = { isa = PBXBuildFile; fileRef = 8AE74ECAB6350EEC24B0D240; };
76C99FDB2797198063FAE8A9 = { isa = PBXFileReference; lastKnownFileType = "audio.wav"; path = "FoldAndFetch/Resources/AssetContent/bridge_land.wav"; sourceTree = "<group>"; };
E0AFC355F0E450AA0DF36CCD = { isa = PBXBuildFile; fileRef = 76C99FDB2797198063FAE8A9; };
6DB8F504BDBBC2A57248521A = { isa = PBXFileReference; lastKnownFileType = "audio.wav"; path = "FoldAndFetch/Resources/AssetContent/dash_down.wav"; sourceTree = "<group>"; };
1E1F06B32B37E3BF1B9CDCCF = { isa = PBXBuildFile; fileRef = 6DB8F504BDBBC2A57248521A; };
B3801C22BF7B37495A8BC24D = { isa = PBXFileReference; lastKnownFileType = "audio.wav"; path = "FoldAndFetch/Resources/AssetContent/jump.wav"; sourceTree = "<group>"; };
0EAF0C470F374A0C4A872EDC = { isa = PBXBuildFile; fileRef = B3801C22BF7B37495A8BC24D; };
3F8CCDE43CFD9E9677851551 = { isa = PBXFileReference; lastKnownFileType = "image.png"; path = "FoldAndFetch/Resources/AssetContent/kaprao-idle.png"; sourceTree = "<group>"; };
426E47F0557485CAD8675C51 = { isa = PBXBuildFile; fileRef = 3F8CCDE43CFD9E9677851551; };
05D3B58462FE227501FBF62E = { isa = PBXFileReference; lastKnownFileType = "image.png"; path = "FoldAndFetch/Resources/AssetContent/kaprao-poses.png"; sourceTree = "<group>"; };
3024FDAFE7CB008F251AC72F = { isa = PBXBuildFile; fileRef = 05D3B58462FE227501FBF62E; };
B19BF4EF9797BAB397505CCA = { isa = PBXFileReference; lastKnownFileType = "text.json"; path = "FoldAndFetch/Resources/AssetContent/kaprao-sprite.json"; sourceTree = "<group>"; };
9DEA941C5A369260249A8574 = { isa = PBXBuildFile; fileRef = B19BF4EF9797BAB397505CCA; };
20A39933C673D95DE54F0EDC = { isa = PBXFileReference; lastKnownFileType = "file.scn"; path = "FoldAndFetch/Resources/AssetContent/kaprao-sprite.scn"; sourceTree = "<group>"; };
594420BACDD2E86D16A277D3 = { isa = PBXBuildFile; fileRef = 20A39933C673D95DE54F0EDC; };
9C7B1499E1B2BDD63413F1E5 = { isa = PBXFileReference; lastKnownFileType = "audio.wav"; path = "FoldAndFetch/Resources/AssetContent/land_soft.wav"; sourceTree = "<group>"; };
734FEAC72AE9D2B79E0E9C7B = { isa = PBXBuildFile; fileRef = 9C7B1499E1B2BDD63413F1E5; };
3A472BD7C00178478454B0E9 = { isa = PBXFileReference; lastKnownFileType = "audio.wav"; path = "FoldAndFetch/Resources/AssetContent/mechanism_release.wav"; sourceTree = "<group>"; };
22264D3B42900ED1DCBDC202 = { isa = PBXBuildFile; fileRef = 3A472BD7C00178478454B0E9; };
2A4C9E8E3E5C2699A41B825A = { isa = PBXFileReference; lastKnownFileType = "audio.wav"; path = "FoldAndFetch/Resources/AssetContent/retry.wav"; sourceTree = "<group>"; };
AC39B6BDDFBE0DF63DB09477 = { isa = PBXBuildFile; fileRef = 2A4C9E8E3E5C2699A41B825A; };
7853574991492E4DF4604BF9 = { isa = PBXFileReference; lastKnownFileType = "audio.wav"; path = "FoldAndFetch/Resources/AssetContent/step_soft.wav"; sourceTree = "<group>"; };
50219022DD171EA6F40794C3 = { isa = PBXBuildFile; fileRef = 7853574991492E4DF4604BF9; };
92BD1D1920BE7414D5190979 = { isa = PBXFileReference; lastKnownFileType = "audio.wav"; path = "FoldAndFetch/Resources/AssetContent/success.wav"; sourceTree = "<group>"; };
93886F7B7CEDACEE8728C11F = { isa = PBXBuildFile; fileRef = 92BD1D1920BE7414D5190979; };
38A007151ABE87CC01A5B6E9 = { isa = PBXFileReference; explicitFileType = wrapper.application; includeInIndex = 0; path = CorgiCrossroads.app; sourceTree = BUILT_PRODUCTS_DIR; };
958B6263A0B70C847CDA462B = { isa = PBXGroup; children = (9A2FAB0F896DEB0043107F92, 67DDB41A06ED43F505CCB6DA, BB6679BCDF9ACE1B33FA32A6, 76878C7850E4EAE036B74530, 067F66AACF1ED32C14CBBC69, 4E1DA9FF4C6383493A2E1242, 8AE74ECAB6350EEC24B0D240,); name = Sources; sourceTree = "<group>"; };
F82C405233B0537C3EF35AFC = { isa = PBXGroup; children = (76C99FDB2797198063FAE8A9, 6DB8F504BDBBC2A57248521A, B3801C22BF7B37495A8BC24D, 3F8CCDE43CFD9E9677851551, 05D3B58462FE227501FBF62E, B19BF4EF9797BAB397505CCA, 20A39933C673D95DE54F0EDC, 9C7B1499E1B2BDD63413F1E5, 3A472BD7C00178478454B0E9, 2A4C9E8E3E5C2699A41B825A, 7853574991492E4DF4604BF9, 92BD1D1920BE7414D5190979,); name = AssetContent; sourceTree = "<group>"; };
FBDC4F23F93125BBEEAE800C = { isa = PBXGroup; children = (38A007151ABE87CC01A5B6E9,); name = Products; sourceTree = "<group>"; };
E50290A24C49A459B43487C5 = { isa = PBXGroup; children = (958B6263A0B70C847CDA462B,F82C405233B0537C3EF35AFC,FBDC4F23F93125BBEEAE800C,); sourceTree = "<group>"; };
4E57AE888889001C06A4F7E8 = { isa = PBXSourcesBuildPhase; buildActionMask = 2147483647; files = (A6BF591C393FF5B894A968E2, BE2AFCD3C8B4185A910FAAF9, EEC83B644DBE804CDC56B5A1, 77C6CE3311F38C7E79B06E38, EAA5AC627DB9E76AF4D5969E, 5379F3C1DF640440B9B4CF41, B3B20A2B05F112FACFF3987A,); runOnlyForDeploymentPostprocessing = 0; };
D6C9E8A172005E68A1DD674F = { isa = PBXResourcesBuildPhase; buildActionMask = 2147483647; files = (E0AFC355F0E450AA0DF36CCD, 1E1F06B32B37E3BF1B9CDCCF, 0EAF0C470F374A0C4A872EDC, 426E47F0557485CAD8675C51, 3024FDAFE7CB008F251AC72F, 9DEA941C5A369260249A8574, 594420BACDD2E86D16A277D3, 734FEAC72AE9D2B79E0E9C7B, 22264D3B42900ED1DCBDC202, AC39B6BDDFBE0DF63DB09477, 50219022DD171EA6F40794C3, 93886F7B7CEDACEE8728C11F,); runOnlyForDeploymentPostprocessing = 0; };
69BE8A4D8E4D9DA4E7DB3928 = { isa = PBXFrameworksBuildPhase; buildActionMask = 2147483647; files = (); runOnlyForDeploymentPostprocessing = 0; };
7082CC0B6FC1282FCEABD07A = { isa = XCBuildConfiguration; buildSettings = { PRODUCT_NAME = "CorgiCrossroads"; PRODUCT_BUNDLE_IDENTIFIER = "com.corgicrossroads.demo"; SWIFT_VERSION = "5.0"; IPHONEOS_DEPLOYMENT_TARGET = "27.1"; TARGETED_DEVICE_FAMILY = "1,2"; GENERATE_INFOPLIST_FILE = "YES"; INFOPLIST_KEY_CFBundleDisplayName = "Corgi Crossroads"; INFOPLIST_KEY_UIApplicationSceneManifest_Generation = "YES"; INFOPLIST_KEY_UILaunchScreen_Generation = "YES"; INFOPLIST_KEY_UISupportedInterfaceOrientations_iPhone = "UIInterfaceOrientationPortrait"; INFOPLIST_KEY_UISupportedInterfaceOrientations_iPad = "UIInterfaceOrientationPortrait"; INFOPLIST_KEY_UIApplicationSupportsIndirectInputEvents = "YES"; ASSETCATALOG_COMPILER_GENERATE_SWIFT_ASSET_SYMBOL_EXTENSIONS = "NO"; CODE_SIGN_STYLE = "Automatic"; CODE_SIGNING_ALLOWED = "NO"; CURRENT_PROJECT_VERSION = "1"; MARKETING_VERSION = "1.0"; LD_RUNPATH_SEARCH_PATHS = "$(inherited) @executable_path/Frameworks"; SWIFT_OPTIMIZATION_LEVEL = "-Onone"; SWIFT_ACTIVE_COMPILATION_CONDITIONS = "DEBUG"; }; name = Debug; };
89E1FD6268CC0F221A2BE178 = { isa = XCBuildConfiguration; buildSettings = { SDKROOT = iphoneos; CLANG_ENABLE_MODULES = YES; CLANG_ENABLE_OBJC_ARC = YES; DEBUG_INFORMATION_FORMAT = dwarf; }; name = Debug; };
639A7CA24D39909E713B47F7 = { isa = XCBuildConfiguration; buildSettings = { PRODUCT_NAME = "CorgiCrossroads"; PRODUCT_BUNDLE_IDENTIFIER = "com.corgicrossroads.demo"; SWIFT_VERSION = "5.0"; IPHONEOS_DEPLOYMENT_TARGET = "27.1"; TARGETED_DEVICE_FAMILY = "1,2"; GENERATE_INFOPLIST_FILE = "YES"; INFOPLIST_KEY_CFBundleDisplayName = "Corgi Crossroads"; INFOPLIST_KEY_UIApplicationSceneManifest_Generation = "YES"; INFOPLIST_KEY_UILaunchScreen_Generation = "YES"; INFOPLIST_KEY_UISupportedInterfaceOrientations_iPhone = "UIInterfaceOrientationPortrait"; INFOPLIST_KEY_UISupportedInterfaceOrientations_iPad = "UIInterfaceOrientationPortrait"; INFOPLIST_KEY_UIApplicationSupportsIndirectInputEvents = "YES"; ASSETCATALOG_COMPILER_GENERATE_SWIFT_ASSET_SYMBOL_EXTENSIONS = "NO"; CODE_SIGN_STYLE = "Automatic"; CODE_SIGNING_ALLOWED = "NO"; CURRENT_PROJECT_VERSION = "1"; MARKETING_VERSION = "1.0"; LD_RUNPATH_SEARCH_PATHS = "$(inherited) @executable_path/Frameworks"; SWIFT_OPTIMIZATION_LEVEL = "-O"; SWIFT_ACTIVE_COMPILATION_CONDITIONS = ""; }; name = Release; };
E6DE6C99132752C914FEF632 = { isa = XCBuildConfiguration; buildSettings = { SDKROOT = iphoneos; CLANG_ENABLE_MODULES = YES; CLANG_ENABLE_OBJC_ARC = YES; DEBUG_INFORMATION_FORMAT = dwarf; }; name = Release; };
F497FD0CF9CA1625C4A860DE = { isa = XCConfigurationList; buildConfigurations = (7082CC0B6FC1282FCEABD07A, 639A7CA24D39909E713B47F7,); defaultConfigurationIsVisible = 0; defaultConfigurationName = Release; };
49EA05A46B1A86EA7E413B43 = { isa = XCConfigurationList; buildConfigurations = (89E1FD6268CC0F221A2BE178, E6DE6C99132752C914FEF632,); defaultConfigurationIsVisible = 0; defaultConfigurationName = Release; };
0E8A3AD980EC179856012B7E = { isa = PBXNativeTarget; buildConfigurationList = F497FD0CF9CA1625C4A860DE; buildPhases = (4E57AE888889001C06A4F7E8,69BE8A4D8E4D9DA4E7DB3928,D6C9E8A172005E68A1DD674F,); buildRules = (); dependencies = (); name = CorgiCrossroads; productName = CorgiCrossroads; productReference = 38A007151ABE87CC01A5B6E9; productType = "com.apple.product-type.application"; };
98F54143AB4E86B28C3AFEE0 = { isa = PBXProject; attributes = { BuildIndependentTargetsInParallel = YES; LastUpgradeCheck = 2710; }; buildConfigurationList = 49EA05A46B1A86EA7E413B43; compatibilityVersion = "Xcode 14.0"; developmentRegion = en; hasScannedForEncodings = 0; knownRegions = (en,Base,); mainGroup = E50290A24C49A459B43487C5; productRefGroup = FBDC4F23F93125BBEEAE800C; projectDirPath = ""; projectRoot = ""; targets = (0E8A3AD980EC179856012B7E,); };
}; rootObject = 98F54143AB4E86B28C3AFEE0; }
